602672
/home/ivaneyvieira/.jdks/jbrsdk_jcef-17.0.9/bin/java -agentlib:jdwp=transport=dt_socket,address=127.0.0.1:51223,suspend=y,server=n -Dvaadin.copilot.pluginDotFilePath=/home/ivaneyvieira/git/engProduto/.idea/.copilot-plugin -javaagent:/home/ivaneyvieira/.local/share/JetBrains/Toolbox/apps/intellij-idea-ultimate/plugins/java/lib/rt/debugger-agent.jar=file:/tmp/capture.props -Dkotlinx.coroutines.debug.enable.creation.stack.trace=false -Ddebugger.agent.enable.coroutines=true -Dkotlinx.coroutines.debug.enable.flows.stack.trace=true -Dkotlinx.coroutines.debug.enable.mutable.state.flows.stack.trace=true -Dfile.encoding=UTF-8 -classpath /home/ivaneyvieira/git/engProduto/build/classes/kotlin/main:/home/ivaneyvieira/git/engProduto/build/resources/main:/home/ivaneyvieira/.gradle/caches/modules-2/files-2.1/com.github.mvysny.karibudsl/karibu-dsl-v23/2.1.3/6099d227d1c651265deea96a65bd8eacbdbd9ea8/karibu-dsl-v23-2.1.3.jar:/home/ivaneyvieira/.gradle/caches/modules-2/files-2.1/org.vaadin.crudui/crudui/7.1.0/5ae7f9fd0a4e2f50661ea15c9ea061917a219585/crudui-7.1.0.jar:/home/ivaneyvieira/.gradle/caches/modules-2/files-2.1/org.vaadin.stefan/lazy-download-button/1.0.0/13806f4512c1f4b992b9ea7a7e70f1e0a0071923/lazy-download-button-1.0.0.jar:/home/ivaneyvieira/.gradle/caches/modules-2/files-2.1/com.flowingcode.addons/font-awesome-iron-iconset/5.2.2/e8cf7cedc57e966ae1ab7f0c4956e38d258a53ba/font-awesome-iron-iconset-5.2.2.jar:/home/ivaneyvieira/.gradle/caches/modules-2/files-2.1/org.vaadin.addons.flowingcode/grid-helpers/1.3.0/5a0de526c2f3c30119d38adc30dafbbaa9cac0a6/grid-helpers-1.3.0.jar:/home/ivaneyvieira/.gradle/caches/modules-2/files-2.1/org.claspina/confirm-dialog/2.0.0/f369816bf7cd5e2eefec924292b8419fd018f051/confirm-dialog-2.0.0.jar:/home/ivaneyvieira/.gradle/caches/modules-2/files-2.1/com.vaadin/vaadin-core/24.4.11/26a9b76a7c6c24fd4b661f1e7916ecc557c3464e/vaadin-core-24.4.11.jar:/home/ivaneyvieira/.gradle/caches/modules-2/files-2.1/com.github.mvysny.vaadin-boot/vaadin-boot/13.0/5554619377346046201280da87ca14c8a9b920b/vaadin-boot-13.0.jar:/home/ivaneyvieira/.gradle/caches/modules-2/files-2.1/com.github.mvysny.vaadin-simple-security/vaadin-simple-security/1.0/de539561957a68285086378bf4b6107cc34d372f/vaadin-simple-security-1.0.jar:/home/ivaneyvieira/.m2/repository/org/slf4j/slf4j-simple/2.0.13/slf4j-simple-2.0.13.jar:/home/ivaneyvieira/.gradle/caches/modules-2/files-2.1/com.squareup.okhttp3/okhttp/4.12.0/2f4525d4a200e97e1b87449c2cd9bd2e25b7e8cd/okhttp-4.12.0.jar:/home/ivaneyvieira/.m2/repository/org/jetbrains/kotlin/kotlin-stdlib-jdk8/2.0.0/kotlin-stdlib-jdk8-2.0.0.jar:/home/ivaneyvieira/.gradle/caches/modules-2/files-2.1/org.jetbrains.kotlin/kotlin-reflect/2.0.0/9c3d75110945233bf77d2e1a90604b100884db94/kotlin-reflect-2.0.0.jar:/home/ivaneyvieira/.gradle/caches/modules-2/files-2.1/com.zaxxer/HikariCP/3.4.1/842894380a73b72c2ecd9e483403e4d5ef7d8b76/HikariCP-3.4.1.jar:/home/ivaneyvieira/.gradle/caches/modules-2/files-2.1/org.sql2o/sql2o/1.6.0/eada6f6c80c1f7fc61400cf338f48c8e77e830e3/sql2o-1.6.0.jar:/home/ivaneyvieira/.gradle/caches/modules-2/files-2.1/org.simpleflatmapper/sfm-sql2o/8.2.3/66ff74dd9b209f1847cb18507502ce86044bdc73/sfm-sql2o-8.2.3.jar:/home/ivaneyvieira/.gradle/caches/modules-2/files-2.1/mysql/mysql-connector-java/5.1.48/9140be77aafa5050bf4bb936d560cbacb5a6b5c1/mysql-connector-java-5.1.48.jar:/home/ivaneyvieira/.gradle/caches/modules-2/files-2.1/net.sourceforge.jtds/jtds/1.3.1/1527f2fc2f040898625370a1687d902aa0743bcc/jtds-1.3.1.jar:/home/ivaneyvieira/.gradle/caches/modules-2/files-2.1/org.cups4j/cups4j/0.7.8/5f072be9b23cfc8ba72d6f8cd9de1545d6affbea/cups4j-0.7.8.jar:/home/ivaneyvieira/.gradle/caches/modules-2/files-2.1/com.jcraft/jsch/0.1.55/bbd40e5aa7aa3cfad5db34965456cee738a42a50/jsch-0.1.55.jar:/home/ivaneyvieira/.gradle/caches/modules-2/files-2.1/org.imgscalr/imgscalr-lib/4.2/e2838f7119361511ef7d54fe0d502bf07f3325eb/imgscalr-lib-4.2.jar:/home/ivaneyvieira/.gradle/caches/modules-2/files-2.1/com.github.wmixvideo/nfe/4.0.73/6199216f7c76ef48a506d0fb54c4e08ffded8277/nfe-4.0.73.jar:/home/ivaneyvieira/.gradle/caches/modules-2/files-2.1/pl
